<?xml version="1.0" encoding="utf-8"?>
<Project ToolsVersion="4.0" xmlns="http://schemas.microsoft.com/developer/msbuild/2003">
  <ItemGroup>
    <Filter Include="Source Files">
      <UniqueIdentifier>{4FC737F1-C7A5-4376-A066-2A32D752A2FF}</UniqueIdentifier>
      <Extensions>cpp;c;cc;cxx;c++;cppm;ixx;def;odl;idl;hpj;bat;asm;asmx</Extensions>
    </Filter>
    <Filter Include="Header Files">
      <UniqueIdentifier>{93995380-89BD-4b04-88EB-625FBE52EBFB}</UniqueIdentifier>
      <Extensions>h;hh;hpp;hxx;h++;hm;inl;inc;ipp;xsd</Extensions>
    </Filter>
    <Filter Include="Resource Files">
      <UniqueIdentifier>{67DA6AB6-F800-4c08-8B7A-83BB121AAD01}</UniqueIdentifier>
      <Extensions>rc;ico;cur;bmp;dlg;rc2;rct;bin;rgs;gif;jpg;jpeg;jpe;resx;tiff;tif;png;wav;mfcribbon-ms</Extensions>
    </Filter>
  </ItemGroup>
  <ItemGroup>
    <ClCompile Include="src\Development\Console.cpp">
      <Filter>Source Files</Filter>
    </ClCompile>
    <ClCompile Include="src\Development\EditorLayer.cpp">
      <Filter>Source Files</Filter>
    </ClCompile>
    <ClCompile Include="src\Scene\AnimationUtil.cpp">
      <Filter>Source Files</Filter>
    </ClCompile>
    <ClCompile Include="src\Scene\Scene.cpp">
      <Filter>Source Files</Filter>
    </ClCompile>
    <ClCompile Include="src\Scene\Serializer.cpp">
      <Filter>Source Files</Filter>
    </ClCompile>
    <ClCompile Include="src\Scripts\ScriptManager.cpp">
      <Filter>Source Files</Filter>
    </ClCompile>
    <ClCompile Include="src\UI\UI.cpp">
      <Filter>Source Files</Filter>
    </ClCompile>
    <ClCompile Include="src\Animation.cpp">
      <Filter>Source Files</Filter>
    </ClCompile>
    <ClCompile Include="src\Application.cpp">
      <Filter>Source Files</Filter>
    </ClCompile>
    <ClCompile Include="src\FontRenderer.cpp">
      <Filter>Source Files</Filter>
    </ClCompile>
    <ClCompile Include="src\main.cpp">
      <Filter>Source Files</Filter>
    </ClCompile>
    <ClCompile Include="src\OrthographicCamera.cpp">
      <Filter>Source Files</Filter>
    </ClCompile>
    <ClCompile Include="src\ParticleSystem.cpp">
      <Filter>Source Files</Filter>
    </ClCompile>
    <ClCompile Include="src\Random.cpp">
      <Filter>Source Files</Filter>
    </ClCompile>
    <ClCompile Include="src\Renderer2D.cpp">
      <Filter>Source Files</Filter>
    </ClCompile>
    <ClCompile Include="src\Shader.cpp">
      <Filter>Source Files</Filter>
    </ClCompile>
    <ClCompile Include="src\syaml.cpp">
      <Filter>Source Files</Filter>
    </ClCompile>
    <ClCompile Include="src\Texture.cpp">
      <Filter>Source Files</Filter>
    </ClCompile>
    <ClCompile Include="src\Window.cpp">
      <Filter>Source Files</Filter>
    </ClCompile>
    <ClCompile Include="src\WindowsInput.cpp">
      <Filter>Source Files</Filter>
    </ClCompile>
    <ClCompile Include="src\glad.c">
      <Filter>Source Files</Filter>
    </ClCompile>
    <ClCompile Include="src\FrameBuffer.cpp">
      <Filter>Source Files</Filter>
    </ClCompile>
    <ClCompile Include="src\Sound\SoundManager.cpp">
      <Filter>Source Files</Filter>
    </ClCompile>
    <ClCompile Include="src\Scene\Setting\MainSetting.cpp">
      <Filter>Source Files</Filter>
    </ClCompile>
    <ClCompile Include="src\Scene\Setting\Setting.cpp">
      <Filter>Source Files</Filter>
    </ClCompile>
    <ClCompile Include="src\Scene\Setting\SetttingUI\SlideBar.cpp">
      <Filter>Source Files</Filter>
    </ClCompile>
    <ClCompile Include="src\PerlinNoise.cpp">
      <Filter>Source Files</Filter>
    </ClCompile>
    <ClCompile Include="src\Scene\MessageBatch.cpp">
      <Filter>Source Files</Filter>
    </ClCompile>
    <ClCompile Include="src\PerspectiveCamera.cpp">
      <Filter>Source Files</Filter>
    </ClCompile>
    <ClCompile Include="Dependencies\include\imgui\imgui.cpp">
      <Filter>Source Files</Filter>
    </ClCompile>
    <ClCompile Include="Dependencies\include\imgui\imgui_demo.cpp">
      <Filter>Source Files</Filter>
    </ClCompile>
    <ClCompile Include="Dependencies\include\imgui\imgui_draw.cpp">
      <Filter>Source Files</Filter>
    </ClCompile>
    <ClCompile Include="Dependencies\include\imgui\imgui_widgets.cpp">
      <Filter>Source Files</Filter>
    </ClCompile>
    <ClCompile Include="Dependencies\include\imgui\imgui_tables.cpp">
      <Filter>Source Files</Filter>
    </ClCompile>
    <ClCompile Include="Dependencies\include\imgui\backends\imgui_impl_opengl3.cpp">
      <Filter>Source Files</Filter>
    </ClCompile>
    <ClCompile Include="Dependencies\include\imgui\backends\imgui_impl_glfw.cpp">
      <Filter>Source Files</Filter>
    </ClCompile>
    <ClCompile Include="Dependencies\include\imguizmo\ImGradient.cpp">
      <Filter>Source Files</Filter>
    </ClCompile>
    <ClCompile Include="Dependencies\include\imguizmo\ImCurveEdit.cpp">
      <Filter>Source Files</Filter>
    </ClCompile>
    <ClCompile Include="Dependencies\include\imguizmo\ImGuizmo.cpp">
      <Filter>Source Files</Filter>
    </ClCompile>
    <ClCompile Include="src\Math\Math.cpp">
      <Filter>Source Files</Filter>
    </ClCompile>
    <ClCompile Include="src\Development\EntityRegistrar.cpp">
      <Filter>Source Files</Filter>
    </ClCompile>
    <ClCompile Include="src\VBO.cpp">
      <Filter>Source Files</Filter>
    </ClCompile>
    <ClCompile Include="src\VAO.cpp">
      <Filter>Source Files</Filter>
    </ClCompile>
    <ClCompile Include="src\EBO.cpp">
      <Filter>Source Files</Filter>
    </ClCompile>
    <ClCompile Include="src\Mesh.cpp">
      <Filter>Source Files</Filter>
    </ClCompile>
    <ClCompile Include="src\ShaderManager.cpp">
      <Filter>Source Files</Filter>
    </ClCompile>
    <ClCompile Include="src\Model.cpp">
      <Filter>Source Files</Filter>
    </ClCompile>
    <ClCompile Include="src\SkyBox.cpp">
      <Filter>Source Files</Filter>
    </ClCompile>
    <ClCompile Include="src\Scene\AnimationManager.cpp">
      <Filter>Source Files</Filter>
    </ClCompile>
    <ClCompile Include="src\Scene\Entity.cpp">
      <Filter>Source Files</Filter>
    </ClCompile>
    <ClCompile Include="src\Scene\PhysicsSystem.cpp">
      <Filter>Source Files</Filter>
    </ClCompile>
    <ClCompile Include="src\ModelManager.cpp">
      <Filter>Source Files</Filter>
    </ClCompile>
  </ItemGroup>
  <ItemGroup>
    <ClInclude Include="src\Development\Console.h">
      <Filter>Header Files</Filter>
    </ClInclude>
    <ClInclude Include="src\Development\Editorlayer.h">
      <Filter>Header Files</Filter>
    </ClInclude>
    <ClInclude Include="src\Event\Event.h">
      <Filter>Header Files</Filter>
    </ClInclude>
    <ClInclude Include="src\Event\WindowEvents.h">
      <Filter>Header Files</Filter>
    </ClInclude>
    <ClInclude Include="src\Scene\AnimationUtil.h">
      <Filter>Header Files</Filter>
    </ClInclude>
    <ClInclude Include="src\Scene\Components.h">
      <Filter>Header Files</Filter>
    </ClInclude>
    <ClInclude Include="src\Scene\Entity.h">
      <Filter>Header Files</Filter>
    </ClInclude>
    <ClInclude Include="src\Scene\Scene.h">
      <Filter>Header Files</Filter>
    </ClInclude>
    <ClInclude Include="src\Scene\Serializer.h">
      <Filter>Header Files</Filter>
    </ClInclude>
    <ClInclude Include="src\Scripts\ObjectID.h">
      <Filter>Header Files</Filter>
    </ClInclude>
    <ClInclude Include="src\Scripts\ScriptManager.h">
      <Filter>Header Files</Filter>
    </ClInclude>
    <ClInclude Include="src\UI\UI.h">
      <Filter>Header Files</Filter>
    </ClInclude>
    <ClInclude Include="src\UI\UIElementData.h">
      <Filter>Header Files</Filter>
    </ClInclude>
    <ClInclude Include="src\Animation.h">
      <Filter>Header Files</Filter>
    </ClInclude>
    <ClInclude Include="src\Application.h">
      <Filter>Header Files</Filter>
    </ClInclude>
    <ClInclude Include="src\FontRenderer.h">
      <Filter>Header Files</Filter>
    </ClInclude>
    <ClInclude Include="src\OrthographicCamera.h">
      <Filter>Header Files</Filter>
    </ClInclude>
    <ClInclude Include="src\ParticleSystem.h">
      <Filter>Header Files</Filter>
    </ClInclude>
    <ClInclude Include="src\Random.h">
      <Filter>Header Files</Filter>
    </ClInclude>
    <ClInclude Include="src\Renderer2D.h">
      <Filter>Header Files</Filter>
    </ClInclude>
    <ClInclude Include="src\Shader.h">
      <Filter>Header Files</Filter>
    </ClInclude>
    <ClInclude Include="src\SubTexture.h">
      <Filter>Header Files</Filter>
    </ClInclude>
    <ClInclude Include="src\syaml.h">
      <Filter>Header Files</Filter>
    </ClInclude>
    <ClInclude Include="src\Texture.h">
      <Filter>Header Files</Filter>
    </ClInclude>
    <ClInclude Include="src\TimeStep.h">
      <Filter>Header Files</Filter>
    </ClInclude>
    <ClInclude Include="src\Window.h">
      <Filter>Header Files</Filter>
    </ClInclude>
    <ClInclude Include="src\WindowsInput.h">
      <Filter>Header Files</Filter>
    </ClInclude>
    <ClInclude Include="src\Event\KeyEvents.h">
      <Filter>Header Files</Filter>
    </ClInclude>
    <ClInclude Include="src\Event\MouseEvents.h">
      <Filter>Header Files</Filter>
    </ClInclude>
    <ClInclude Include="src\Scripts\ContactListener.h">
      <Filter>Header Files</Filter>
    </ClInclude>
    <ClInclude Include="src\gladr.h">
      <Filter>Header Files</Filter>
    </ClInclude>
    <ClInclude Include="src\FrameBuffer.h">
      <Filter>Header Files</Filter>
    </ClInclude>
    <ClInclude Include="src\Sound\SoundManager.h">
      <Filter>Header Files</Filter>
    </ClInclude>
    <ClInclude Include="src\Scene\Setting\MainSetting.h">
      <Filter>Header Files</Filter>
    </ClInclude>
    <ClInclude Include="src\Scene\Setting\SetttingUI\SlideBar.h">
      <Filter>Header Files</Filter>
    </ClInclude>
    <ClInclude Include="src\Scene\Setting\Setting.h">
      <Filter>Header Files</Filter>
    </ClInclude>
    <ClInclude Include="src\PerlinNoise.h">
      <Filter>Header Files</Filter>
    </ClInclude>
    <ClInclude Include="src\Scene\MessageBatch.h">
      <Filter>Header Files</Filter>
    </ClInclude>
    <ClInclude Include="src\Scene\Message.h">
      <Filter>Header Files</Filter>
    </ClInclude>
    <ClInclude Include="src\Scene\CopiedEntity.h">
      <Filter>Header Files</Filter>
    </ClInclude>
    <ClInclude Include="src\Math\Math.h">
      <Filter>Header Files</Filter>
    </ClInclude>
    <ClInclude Include="src\Development\EntityRegistrar.h">
      <Filter>Header Files</Filter>
    </ClInclude>
    <ClInclude Include="src\Mesh.h">
      <Filter>Header Files</Filter>
    </ClInclude>
    <ClInclude Include="src\VBO.h">
      <Filter>Header Files</Filter>
    </ClInclude>
    <ClInclude Include="src\VAO.h">
      <Filter>Header Files</Filter>
    </ClInclude>
    <ClInclude Include="src\EBO.h">
      <Filter>Header Files</Filter>
    </ClInclude>
    <ClInclude Include="src\ShaderManager.h">
      <Filter>Header Files</Filter>
    </ClInclude>
    <ClInclude Include="src\Model.h">
      <Filter>Header Files</Filter>
    </ClInclude>
    <ClInclude Include="src\AssimpHelper.h">
      <Filter>Header Files</Filter>
    </ClInclude>
    <ClInclude Include="src\SkyBox.h">
      <Filter>Header Files</Filter>
    </ClInclude>
    <ClInclude Include="src\Scripts\Player.h">
      <Filter>Header Files</Filter>
    </ClInclude>
    <ClInclude Include="src\Scripts\Map.h">
      <Filter>Header Files</Filter>
    </ClInclude>
    <ClInclude Include="src\Scripts\Dice.h">
      <Filter>Header Files</Filter>
    </ClInclude>
    <ClInclude Include="src\Scripts\CardHover.h">
      <Filter>Header Files</Filter>
    </ClInclude>
    <ClInclude Include="src\Scripts\SiteManager.h">
      <Filter>Header Files</Filter>
    </ClInclude>
    <ClInclude Include="src\Scripts\RollButton.h">
      <Filter>Header Files</Filter>
    </ClInclude>
    <ClInclude Include="src\Scripts\CardCloseButton.h">
      <Filter>Header Files</Filter>
    </ClInclude>
    <ClInclude Include="src\Scene\AnimationManager.h">
      <Filter>Header Files</Filter>
    </ClInclude>
    <ClInclude Include="src\Scene\PhysicsSystem.h">
      <Filter>Header Files</Filter>
    </ClInclude>
    <ClInclude Include="src\ModelManager.h">
      <Filter>Header Files</Filter>
    </ClInclude>
  </ItemGroup>
  <ItemGroup>
    <Text Include="tools\tutorial.txt" />
  </ItemGroup>
  <ItemGroup>
    <None Include=".gitignore" />
    <None Include="res\shaders\skybox.vert" />
    <None Include="res\shaders\skybox.frag" />
    <None Include="res\shaders\shadowmap.vert" />
    <None Include="res\shaders\shadowmap.frag" />
    <None Include="res\shaders\cubeshadowmap.geometry" />
    <None Include="res\shaders\cubeshadowmap.vert" />
    <None Include="res\shaders\cubeshadowmap.frag" />
    <None Include="res\shaders\3dline.vs" />
    <None Include="res\shaders\3dline.frag" />
  </ItemGroup>
</Project>